
Microsoft Visual Studio Solution File, Format Version 12.00
# Visual Studio Version 16
VisualStudioVersion = 16.0.31229.75
MinimumVisualStudioVersion = 10.0.40219.1
Project("{FAE04EC0-301F-11D3-BF4B-00C04F79EFBC}") = "ChatProject", "WebApplication1\ChatProject.csproj", "{A0AB57D5-2A37-4B25-9190-0DC25DC4949D}"
EndProject
Global
	GlobalSection(SolutionConfigurationPlatforms) = preSolution
		Debug|Any CPU = Debug|Any CPU
		Release|Any CPU = Release|Any CPU
	EndGlobalSection
	GlobalSection(ProjectConfigurationPlatforms) = postSolution
		{A0AB57D5-2A37-4B25-9190-0DC25DC4949D}.Debug|Any CPU.ActiveCfg = Debug|Any CPU
		{A0AB57D5-2A37-4B25-9190-0DC25DC4949D}.Debug|Any CPU.Build.0 = Debug|Any CPU
		{A0AB57D5-2A37-4B25-9190-0DC25DC4949D}.Release|Any CPU.ActiveCfg = Release|Any CPU
		{A0AB57D5-2A37-4B25-9190-0DC25DC4949D}.Release|Any CPU.Build.0 = Release|Any CPU
	EndGlobalSection
	GlobalSection(SolutionProperties) = preSolution
		HideSolutionNode = FALSE
	EndGlobalSection
	GlobalSection(ExtensibilityGlobals) = postSolution
		SolutionGuid = {97EC8201-7CAB-451A-81A5-72E32961B5B7}
	EndGlobalSection
EndGlobal
